
Microsoft Visual Studio Solution File, Format Version 12.00
# Visual Studio Version 17
VisualStudioVersion = 17.14.36301.6 d17.14
MinimumVisualStudioVersion = 10.0.40219.1
Project("{FAE04EC0-301F-11D3-BF4B-00C04F79EFBC}") = "SzkolenieTechniczne2.Cinema.Common", "SzkolenieTechniczne2.Cinema.Common\SzkolenieTechniczne2.Cinema.Common.csproj", "{38FF9A84-7CA4-4BA3-871E-2BDAC5030D25}"
EndProject
Project("{FAE04EC0-301F-11D3-BF4B-00C04F79EFBC}") = "SzkolenieTechniczne2.Cinema.Domain", "SzkolenieTechniczne2.Cinema.Domain\SzkolenieTechniczne2.Cinema.Domain.csproj", "{20BB533C-CACD-4B3D-B2C4-418FEE65E7E7}"
EndProject
Global
	GlobalSection(SolutionConfigurationPlatforms) = preSolution
		Debug|Any CPU = Debug|Any CPU
		Release|Any CPU = Release|Any CPU
	EndGlobalSection
	GlobalSection(ProjectConfigurationPlatforms) = postSolution
		{38FF9A84-7CA4-4BA3-871E-2BDAC5030D25}.Debug|Any CPU.ActiveCfg = Debug|Any CPU
		{38FF9A84-7CA4-4BA3-871E-2BDAC5030D25}.Debug|Any CPU.Build.0 = Debug|Any CPU
		{38FF9A84-7CA4-4BA3-871E-2BDAC5030D25}.Release|Any CPU.ActiveCfg = Release|Any CPU
		{38FF9A84-7CA4-4BA3-871E-2BDAC5030D25}.Release|Any CPU.Build.0 = Release|Any CPU
		{20BB533C-CACD-4B3D-B2C4-418FEE65E7E7}.Debug|Any CPU.ActiveCfg = Debug|Any CPU
		{20BB533C-CACD-4B3D-B2C4-418FEE65E7E7}.Debug|Any CPU.Build.0 = Debug|Any CPU
		{20BB533C-CACD-4B3D-B2C4-418FEE65E7E7}.Release|Any CPU.ActiveCfg = Release|Any CPU
		{20BB533C-CACD-4B3D-B2C4-418FEE65E7E7}.Release|Any CPU.Build.0 = Release|Any CPU
	EndGlobalSection
	GlobalSection(SolutionProperties) = preSolution
		HideSolutionNode = FALSE
	EndGlobalSection
	GlobalSection(ExtensibilityGlobals) = postSolution
		SolutionGuid = {873C4072-3DAF-4317-854A-0D4FA3D8C9D3}
	EndGlobalSection
EndGlobal
