
Microsoft Visual Studio Solution File, Format Version 12.00
# Visual Studio Version 17
VisualStudioVersion = 17.14.36301.6
MinimumVisualStudioVersion = 10.0.40219.1
Project("{FAE04EC0-301F-11D3-BF4B-00C04F79EFBC}") = "SzkolenieTechniczne2.Cinema.Common", "szk2.Cinema.Common\SzkolenieTechniczne2.Cinema.Common.csproj", "{9C80D708-7E8B-441B-8AF4-38559EE4E7A7}"
EndProject
Project("{FAE04EC0-301F-11D3-BF4B-00C04F79EFBC}") = "SzkolenieTechniczne2.Cinema.Domain", "szk2.Cinema.Domain\SzkolenieTechniczne2.Cinema.Domain.csproj", "{3EBA4620-71E1-4CEC-A309-2FF461573210}"
EndProject
Global
	GlobalSection(SolutionConfigurationPlatforms) = preSolution
		Debug|Any CPU = Debug|Any CPU
		Release|Any CPU = Release|Any CPU
	EndGlobalSection
	GlobalSection(ProjectConfigurationPlatforms) = postSolution
		{9C80D708-7E8B-441B-8AF4-38559EE4E7A7}.Debug|Any CPU.ActiveCfg = Debug|Any CPU
		{9C80D708-7E8B-441B-8AF4-38559EE4E7A7}.Debug|Any CPU.Build.0 = Debug|Any CPU
		{9C80D708-7E8B-441B-8AF4-38559EE4E7A7}.Release|Any CPU.ActiveCfg = Release|Any CPU
		{9C80D708-7E8B-441B-8AF4-38559EE4E7A7}.Release|Any CPU.Build.0 = Release|Any CPU
		{3EBA4620-71E1-4CEC-A309-2FF461573210}.Debug|Any CPU.ActiveCfg = Debug|Any CPU
		{3EBA4620-71E1-4CEC-A309-2FF461573210}.Debug|Any CPU.Build.0 = Debug|Any CPU
		{3EBA4620-71E1-4CEC-A309-2FF461573210}.Release|Any CPU.ActiveCfg = Release|Any CPU
		{3EBA4620-71E1-4CEC-A309-2FF461573210}.Release|Any CPU.Build.0 = Release|Any CPU
	EndGlobalSection
	GlobalSection(SolutionProperties) = preSolution
		HideSolutionNode = FALSE
	EndGlobalSection
	GlobalSection(ExtensibilityGlobals) = postSolution
		SolutionGuid = {873C4072-3DAF-4317-854A-0D4FA3D8C9D3}
	EndGlobalSection
EndGlobal
